
Microsoft Visual Studio Solution File, Format Version 12.00
# Visual Studio 15
VisualStudioVersion = 15.0.27703.2042
MinimumVisualStudioVersion = 10.0.40219.1
Project("{FAE04EC0-301F-11D3-BF4B-00C04F79EFBC}") = "DockerApiDemo", "DockerApiDemo\DockerApiDemo.csproj", "{7718F4D9-5D60-4220-9954-8D2D169DF87C}"
EndProject
Global
	GlobalSection(SolutionConfigurationPlatforms) = preSolution
		Debug|Any CPU = Debug|Any CPU
		Release|Any CPU = Release|Any CPU
	EndGlobalSection
	GlobalSection(ProjectConfigurationPlatforms) = postSolution
		{7718F4D9-5D60-4220-9954-8D2D169DF87C}.Debug|Any CPU.ActiveCfg = Debug|Any CPU
		{7718F4D9-5D60-4220-9954-8D2D169DF87C}.Debug|Any CPU.Build.0 = Debug|Any CPU
		{7718F4D9-5D60-4220-9954-8D2D169DF87C}.Release|Any CPU.ActiveCfg = Release|Any CPU
		{7718F4D9-5D60-4220-9954-8D2D169DF87C}.Release|Any CPU.Build.0 = Release|Any CPU
	EndGlobalSection
	GlobalSection(SolutionProperties) = preSolution
		HideSolutionNode = FALSE
	EndGlobalSection
	GlobalSection(ExtensibilityGlobals) = postSolution
		SolutionGuid = {5AB401A9-89AD-4BB7-81F9-51283C6EF78B}
	EndGlobalSection
EndGlobal
