
Microsoft Visual Studio Solution File, Format Version 12.00
# Visual Studio 15
VisualStudioVersion = 15.0.27428.2005
MinimumVisualStudioVersion = 10.0.40219.1
Project("{FAE04EC0-301F-11D3-BF4B-00C04F79EFBC}") = "MLDemo1", "MLDemo1\MLDemo1.csproj", "{62206722-9A89-420F-97A8-7F662D890FD4}"
EndProject
Global
	GlobalSection(SolutionConfigurationPlatforms) = preSolution
		Debug|Any CPU = Debug|Any CPU
		Release|Any CPU = Release|Any CPU
	EndGlobalSection
	GlobalSection(ProjectConfigurationPlatforms) = postSolution
		{62206722-9A89-420F-97A8-7F662D890FD4}.Debug|Any CPU.ActiveCfg = Debug|Any CPU
		{62206722-9A89-420F-97A8-7F662D890FD4}.Debug|Any CPU.Build.0 = Debug|Any CPU
		{62206722-9A89-420F-97A8-7F662D890FD4}.Release|Any CPU.ActiveCfg = Release|Any CPU
		{62206722-9A89-420F-97A8-7F662D890FD4}.Release|Any CPU.Build.0 = Release|Any CPU
	EndGlobalSection
	GlobalSection(SolutionProperties) = preSolution
		HideSolutionNode = FALSE
	EndGlobalSection
	GlobalSection(ExtensibilityGlobals) = postSolution
		SolutionGuid = {59977D88-5287-480D-9797-50ABF356A650}
	EndGlobalSection
EndGlobal
